// !$*UTF8*$!
{
	archiveVersion = 1;
	classes = {
	};
	objectVersion = 48;
	objects = {

/* Begin PBXBuildFile section */
		1822F3BC206FBEC500690445 /* CategoryViewController.swift in Sources */ = {isa = PBXBuildFile; fileRef = 1822F3BB206FBEC500690445 /* CategoryViewController.swift */; };
		1852291B2066C507003347CE /* DataModel.xcdatamodeld in Sources */ = {isa = PBXBuildFile; fileRef = 185229192066C507003347CE /* DataModel.xcdatamodeld */; };
		18AD1D4C205D5DEB006F3E94 /* AppDelegate.swift in Sources */ = {isa = PBXBuildFile; fileRef = 18AD1D4B205D5DEB006F3E94 /* AppDelegate.swift */; };
		18AD1D4E205D5DEB006F3E94 /* TodoListViewController.swift in Sources */ = {isa = PBXBuildFile; fileRef = 18AD1D4D205D5DEB006F3E94 /* TodoListViewController.swift */; };
		18AD1D51205D5DEB006F3E94 /* Main.storyboard in Resources */ = {isa = PBXBuildFile; fileRef = 18AD1D4F205D5DEB006F3E94 /* Main.storyboard */; };
		18AD1D53205D5DEB006F3E94 /* Assets.xcassets in Resources */ = {isa = PBXBuildFile; fileRef = 18AD1D52205D5DEB006F3E94 /* Assets.xcassets */; };
		18AD1D56205D5DEB006F3E94 /* LaunchScreen.storyboard in Resources */ = {isa = PBXBuildFile; fileRef = 18AD1D54205D5DEB006F3E94 /* LaunchScreen.storyboard */; };
/* End PBXBuildFile section */

/* Begin PBXFileReference section */
		1822F3BB206FBEC500690445 /* CategoryViewController.swift */ = {isa = PBXFileReference; lastKnownFileType = sourcecode.swift; path = CategoryViewController.swift; sourceTree = "<group>"; };
		1852291A2066C507003347CE /* DataModel.xcdatamodel */ = {isa = PBXFileReference; lastKnownFileType = wrapper.xcdatamodel; path = DataModel.xcdatamodel; sourceTree = "<group>"; };
		18AD1D48205D5DEB006F3E94 /* Todoey.app */ = {isa = PBXFileReference; explicitFileType = wrapper.application; includeInIndex = 0; path = Todoey.app; sourceTree = BUILT_PRODUCTS_DIR; };
		18AD1D4B205D5DEB006F3E94 /* AppDelegate.swift */ = {isa = PBXFileReference; lastKnownFileType = sourcecode.swift; path = AppDelegate.swift; sourceTree = "<group>"; };
		18AD1D4D205D5DEB006F3E94 /* TodoListViewController.swift */ = {isa = PBXFileReference; lastKnownFileType = sourcecode.swift; path = TodoListViewController.swift; sourceTree = "<group>"; };
		18AD1D50205D5DEB006F3E94 /* Base */ = {isa = PBXFileReference; lastKnownFileType = file.storyboard; name = Base; path = Base.lproj/Main.storyboard; sourceTree = "<group>"; };
		18AD1D52205D5DEB006F3E94 /* Assets.xcassets */ = {isa = PBXFileReference; lastKnownFileType = folder.assetcatalog; path = Assets.xcassets; sourceTree = "<group>"; };
		18AD1D55205D5DEB006F3E94 /* Base */ = {isa = PBXFileReference; lastKnownFileType = file.storyboard; name = Base; path = Base.lproj/LaunchScreen.storyboard; sourceTree = "<group>"; };
		18AD1D57205D5DEB006F3E94 /* Info.plist */ = {isa = PBXFileReference; lastKnownFileType = text.plist.xml; path = Info.plist; sourceTree = "<group>"; };
/* End PBXFileReference section */

/* Begin PBXFrameworksBuildPhase section */
		18AD1D45205D5DEB006F3E94 /* Frameworks */ = {
			isa = PBXFrameworksBuildPhase;
			buildActionMask = 2147483647;
			files = (
			);
			runOnlyForDeploymentPostprocessing = 0;
		};
/* End PBXFrameworksBuildPhase section */

/* Begin PBXGroup section */
		1840DFD8205EA36A00E44BE4 /* Data Model */ = {
			isa = PBXGroup;
			children = (
				185229192066C507003347CE /* DataModel.xcdatamodeld */,
			);
			path = "Data Model";
			sourceTree = "<group>";
		};
		1840DFD9205EA37C00E44BE4 /* Controllers */ = {
			isa = PBXGroup;
			children = (
				1822F3BB206FBEC500690445 /* CategoryViewController.swift */,
				18AD1D4D205D5DEB006F3E94 /* TodoListViewController.swift */,
			);
			path = Controllers;
			sourceTree = "<group>";
		};
		1840DFDA205EA38500E44BE4 /* Views */ = {
			isa = PBXGroup;
			children = (
				18AD1D4F205D5DEB006F3E94 /* Main.storyboard */,
			);
			path = Views;
			sourceTree = "<group>";
		};
		1840DFDB205EA3A300E44BE4 /* Supporting Files */ = {
			isa = PBXGroup;
			children = (
				18AD1D52205D5DEB006F3E94 /* Assets.xcassets */,
				18AD1D54205D5DEB006F3E94 /* LaunchScreen.storyboard */,
			);
			path = "Supporting Files";
			sourceTree = "<group>";
		};
		18AD1D3F205D5DEB006F3E94 = {
			isa = PBXGroup;
			children = (
				18AD1D4A205D5DEB006F3E94 /* Todoey */,
				18AD1D49205D5DEB006F3E94 /* Products */,
			);
			sourceTree = "<group>";
		};
		18AD1D49205D5DEB006F3E94 /* Products */ = {
			isa = PBXGroup;
			children = (
				18AD1D48205D5DEB006F3E94 /* Todoey.app */,
			);
			name = Products;
			sourceTree = "<group>";
		};
		18AD1D4A205D5DEB006F3E94 /* Todoey */ = {
			isa = PBXGroup;
			children = (
				18AD1D4B205D5DEB006F3E94 /* AppDelegate.swift */,
				1840DFD9205EA37C00E44BE4 /* Controllers */,
				1840DFD8205EA36A00E44BE4 /* Data Model */,
				1840DFDA205EA38500E44BE4 /* Views */,
				1840DFDB205EA3A300E44BE4 /* Supporting Files */,
				18AD1D57205D5DEB006F3E94 /* Info.plist */,
			);
			path = Todoey;
			sourceTree = "<group>";
		};
/* End PBXGroup section */

/* Begin PBXNativeTarget section */
		18AD1D47205D5DEB006F3E94 /* Todoey */ = {
			isa = PBXNativeTarget;
			buildConfigurationList = 18AD1D5A205D5DEB006F3E94 /* Build configuration list for PBXNativeTarget "Todoey" */;
			buildPhases = (
				18AD1D44205D5DEB006F3E94 /* Sources */,
				18AD1D45205D5DEB006F3E94 /* Frameworks */,
				18AD1D46205D5DEB006F3E94 /* Resources */,
			);
			buildRules = (
			);
			dependencies = (
			);
			name = Todoey;
			productName = Todoey;
			productReference = 18AD1D48205D5DEB006F3E94 /* Todoey.app */;
			productType = "com.apple.product-type.application";
		};
/* End PBXNativeTarget section */

/* Begin PBXProject section */
		18AD1D40205D5DEB006F3E94 /* Project object */ = {
			isa = PBXProject;
			attributes = {
				LastSwiftUpdateCheck = 0920;
				LastUpgradeCheck = 0920;
				ORGANIZATIONNAME = "Pavel Evtushenko";
				TargetAttributes = {
					18AD1D47205D5DEB006F3E94 = {
						CreatedOnToolsVersion = 9.2;
						ProvisioningStyle = Automatic;
					};
				};
			};
			buildConfigurationList = 18AD1D43205D5DEB006F3E94 /* Build configuration list for PBXProject "Todoey" */;
			compatibilityVersion = "Xcode 8.0";
			developmentRegion = en;
			hasScannedForEncodings = 0;
			knownRegions = (
				en,
				Base,
			);
			mainGroup = 18AD1D3F205D5DEB006F3E94;
			productRefGroup = 18AD1D49205D5DEB006F3E94 /* Products */;
			projectDirPath = "";
			projectRoot = "";
			targets = (
				18AD1D47205D5DEB006F3E94 /* Todoey */,
			);
		};
/* End PBXProject section */

/* Begin PBXResourcesBuildPhase section */
		18AD1D46205D5DEB006F3E94 /* Resources */ = {
			isa = PBXResourcesBuildPhase;
			buildActionMask = 2147483647;
			files = (
				18AD1D56205D5DEB006F3E94 /* LaunchScreen.storyboard in Resources */,
				18AD1D53205D5DEB006F3E94 /* Assets.xcassets in Resources */,
				18AD1D51205D5DEB006F3E94 /* Main.storyboard in Resources */,
			);
			runOnlyForDeploymentPostprocessing = 0;
		};
/* End PBXResourcesBuildPhase section */

/* Begin PBXSourcesBuildPhase section */
		18AD1D44205D5DEB006F3E94 /* Sources */ = {
			isa = PBXSourcesBuildPhase;
			buildActionMask = 2147483647;
			files = (
				1822F3BC206FBEC500690445 /* CategoryViewController.swift in Sources */,
				18AD1D4E205D5DEB006F3E94 /* TodoListViewController.swift in Sources */,
				1852291B2066C507003347CE /* DataModel.xcdatamodeld in Sources */,
				18AD1D4C205D5DEB006F3E94 /* AppDelegate.swift in Sources */,
			);
			runOnlyForDeploymentPostprocessing = 0;
		};
/* End PBXSourcesBuildPhase section */

/* Begin PBXVariantGroup section */
		18AD1D4F205D5DEB006F3E94 /* Main.storyboard */ = {
			isa = PBXVariantGroup;
			children = (
				18AD1D50205D5DEB006F3E94 /* Base */,
			);
			name = Main.storyboard;
			sourceTree = "<group>";
		};
		18AD1D54205D5DEB006F3E94 /* LaunchScreen.storyboard */ = {
			isa = PBXVariantGroup;
			children = (
				18AD1D55205D5DEB006F3E94 /* Base */,
			);
			name = LaunchScreen.storyboard;
			sourceTree = "<group>";
		};
/* End PBXVariantGroup section */

/* Begin XCBuildConfiguration section */
		18AD1D58205D5DEB006F3E94 /* Debug */ = {
			isa = XCBuildConfiguration;
			buildSettings = {
				ALWAYS_SEARCH_USER_PATHS = NO;
				CLANG_ANALYZER_NONNULL = YES;
				CLANG_ANALYZER_NUMBER_OBJECT_CONVERSION = YES_AGGRESSIVE;
				CLANG_CXX_LANGUAGE_STANDARD = "gnu++14";
				CLANG_CXX_LIBRARY = "libc++";
				CLANG_ENABLE_MODULES = YES;
				CLANG_ENABLE_OBJC_ARC = YES;
				CLANG_WARN_BLOCK_CAPTURE_AUTORELEASING = YES;
				CLANG_WARN_BOOL_CONVERSION = YES;
				CLANG_WARN_COMMA = YES;
				CLANG_WARN_CONSTANT_CONVERSION = YES;
				CLANG_WARN_DIRECT_OBJC_ISA_USAGE = YES_ERROR;
				CLANG_WARN_DOCUMENTATION_COMMENTS = YES;
				CLANG_WARN_EMPTY_BODY = YES;
				CLANG_WARN_ENUM_CONVERSION = YES;
				CLANG_WARN_INFINITE_RECURSION = YES;
				CLANG_WARN_INT_CONVERSION = YES;
				CLANG_WARN_NON_LITERAL_NULL_CONVERSION = YES;
				CLANG_WARN_OBJC_LITERAL_CONVERSION = YES;
				CLANG_WARN_OBJC_ROOT_CLASS = YES_ERROR;
				CLANG_WARN_RANGE_LOOP_ANALYSIS = YES;
				CLANG_WARN_STRICT_PROTOTYPES = YES;
				CLANG_WARN_SUSPICIOUS_MOVE = YES;
				CLANG_WARN_UNGUARDED_AVAILABILITY = YES_AGGRESSIVE;
				CLANG_WARN_UNREACHABLE_CODE = YES;
				CLANG_WARN__DUPLICATE_METHOD_MATCH = YES;
				CODE_SIGN_IDENTITY = "iPhone Developer";
				COPY_PHASE_STRIP = NO;
				DEBUG_INFORMATION_FORMAT = dwarf;
				ENABLE_STRICT_OBJC_MSGSEND = YES;
				ENABLE_TESTABILITY = YES;
				GCC_C_LANGUAGE_STANDARD = gnu11;
				GCC_DYNAMIC_NO_PIC = NO;
				GCC_NO_COMMON_BLOCKS = YES;
				GCC_OPTIMIZATION_LEVEL = 0;
				GCC_PREPROCESSOR_DEFINITIONS = (
					"DEBUG=1",
					"$(inherited)",
				);
				GCC_WARN_64_TO_32_BIT_CONVERSION = YES;
				GCC_WARN_ABOUT_RETURN_TYPE = YES_ERROR;
				GCC_WARN_UNDECLARED_SELECTOR = YES;
				GCC_WARN_UNINITIALIZED_AUTOS = YES_AGGRESSIVE;
				GCC_WARN_UNUSED_FUNCTION = YES;
				GCC_WARN_UNUSED_VARIABLE = YES;
				IPHONEOS_DEPLOYMENT_TARGET = 11.2;
				MTL_ENABLE_DEBUG_INFO = YES;
				ONLY_ACTIVE_ARCH = YES;
				SDKROOT = iphoneos;
				SWIFT_ACTIVE_COMPILATION_CONDITIONS = DEBUG;
				SWIFT_OPTIMIZATION_LEVEL = "-Onone";
			};
			name = Debug;
		};
		18AD1D59205D5DEB006F3E94 /* Release */ = {
			isa = XCBuildConfiguration;
			buildSettings = {
				ALWAYS_SEARCH_USER_PATHS = NO;
				CLANG_ANALYZER_NONNULL = YES;
				CLANG_ANALYZER_NUMBER_OBJECT_CONVERSION = YES_AGGRESSIVE;
				CLANG_CXX_LANGUAGE_STANDARD = "gnu++14";
				CLANG_CXX_LIBRARY = "libc++";
				CLANG_ENABLE_MODULES = YES;
				CLANG_ENABLE_OBJC_ARC = YES;
				CLANG_WARN_BLOCK_CAPTURE_AUTORELEASING = YES;
				CLANG_WARN_BOOL_CONVERSION = YES;
				CLANG_WARN_COMMA = YES;
				CLANG_WARN_CONSTANT_CONVERSION = YES;
				CLANG_WARN_DIRECT_OBJC_ISA_USAGE = YES_ERROR;
				CLANG_WARN_DOCUMENTATION_COMMENTS = YES;
				CLANG_WARN_EMPTY_BODY = YES;
				CLANG_WARN_ENUM_CONVERSION = YES;
				CLANG_WARN_INFINITE_RECURSION = YES;
				CLANG_WARN_INT_CONVERSION = YES;
				CLANG_WARN_NON_LITERAL_NULL_CONVERSION = YES;
				CLANG_WARN_OBJC_LITERAL_CONVERSION = YES;
				CLANG_WARN_OBJC_ROOT_CLASS = YES_ERROR;
				CLANG_WARN_RANGE_LOOP_ANALYSIS = YES;
				CLANG_WARN_STRICT_PROTOTYPES = YES;
				CLANG_WARN_SUSPICIOUS_MOVE = YES;
				CLANG_WARN_UNGUARDED_AVAILABILITY = YES_AGGRESSIVE;
				CLANG_WARN_UNREACHABLE_CODE = YES;
				CLANG_WARN__DUPLICATE_METHOD_MATCH = YES;
				CODE_SIGN_IDENTITY = "iPhone Developer";
				COPY_PHASE_STRIP = NO;
				DEBUG_INFORMATION_FORMAT = "dwarf-with-dsym";
				ENABLE_NS_ASSERTIONS = NO;
				ENABLE_STRICT_OBJC_MSGSEND = YES;
				GCC_C_LANGUAGE_STANDARD = gnu11;
				GCC_NO_COMMON_BLOCKS = YES;
				GCC_WARN_64_TO_32_BIT_CONVERSION = YES;
				GCC_WARN_ABOUT_RETURN_TYPE = YES_ERROR;
				GCC_WARN_UNDECLARED_SELECTOR = YES;
				GCC_WARN_UNINITIALIZED_AUTOS = YES_AGGRESSIVE;
				GCC_WARN_UNUSED_FUNCTION = YES;
				GCC_WARN_UNUSED_VARIABLE = YES;
				IPHONEOS_DEPLOYMENT_TARGET = 11.2;
				MTL_ENABLE_DEBUG_INFO = NO;
				SDKROOT = iphoneos;
				SWIFT_OPTIMIZATION_LEVEL = "-Owholemodule";
				VALIDATE_PRODUCT = YES;
			};
			name = Release;
		};
		18AD1D5B205D5DEB006F3E94 /* Debug */ = {
			isa = XCBuildConfiguration;
			buildSettings = {
				ASSETCATALOG_COMPILER_APPICON_NAME = AppIcon;
				CODE_SIGN_STYLE = Automatic;
				INFOPLIST_FILE = Todoey/Info.plist;
				LD_RUNPATH_SEARCH_PATHS = "$(inherited) @executable_path/Frameworks";
				PRODUCT_BUNDLE_IDENTIFIER = com.pavelevtushenko.Todoey;
				PRODUCT_NAME = "$(TARGET_NAME)";
				SWIFT_VERSION = 4.0;
				TARGETED_DEVICE_FAMILY = "1,2";
			};
			name = Debug;
		};
		18AD1D5C205D5DEB006F3E94 /* Release */ = {
			isa = XCBuildConfiguration;
			buildSettings = {
				ASSETCATALOG_COMPILER_APPICON_NAME = AppIcon;
				CODE_SIGN_STYLE = Automatic;
				INFOPLIST_FILE = Todoey/Info.plist;
				LD_RUNPATH_SEARCH_PATHS = "$(inherited) @executable_path/Frameworks";
				PRODUCT_BUNDLE_IDENTIFIER = com.pavelevtushenko.Todoey;
				PRODUCT_NAME = "$(TARGET_NAME)";
				SWIFT_VERSION = 4.0;
				TARGETED_DEVICE_FAMILY = "1,2";
			};
			name = Release;
		};
/* End XCBuildConfiguration section */

/* Begin XCConfigurationList section */
		18AD1D43205D5DEB006F3E94 /* Build configuration list for PBXProject "Todoey" */ = {
			isa = XCConfigurationList;
			buildConfigurations = (
				18AD1D58205D5DEB006F3E94 /* Debug */,
				18AD1D59205D5DEB006F3E94 /* Release */,
			);
			defaultConfigurationIsVisible = 0;
			defaultConfigurationName = Release;
		};
		18AD1D5A205D5DEB006F3E94 /* Build configuration list for PBXNativeTarget "Todoey" */ = {
			isa = XCConfigurationList;
			buildConfigurations = (
				18AD1D5B205D5DEB006F3E94 /* Debug */,
				18AD1D5C205D5DEB006F3E94 /* Release */,
			);
			defaultConfigurationIsVisible = 0;
			defaultConfigurationName = Release;
		};
/* End XCConfigurationList section */

/* Begin XCVersionGroup section */
		185229192066C507003347CE /* DataModel.xcdatamodeld */ = {
			isa = XCVersionGroup;
			children = (
				1852291A2066C507003347CE /* DataModel.xcdatamodel */,
			);
			currentVersion = 1852291A2066C507003347CE /* DataModel.xcdatamodel */;
			path = DataModel.xcdatamodeld;
			sourceTree = "<group>";
			versionGroupType = wrapper.xcdatamodel;
		};
/* End XCVersionGroup section */
	};
	rootObject = 18AD1D40205D5DEB006F3E94 /* Project object */;
}
